
Microsoft Visual Studio Solution File, Format Version 12.00
# Visual Studio 15
VisualStudioVersion = 15.0.28307.572
MinimumVisualStudioVersion = 10.0.40219.1
Project("{9A19103F-16F7-4668-BE54-9A1E7A4F7556}") = "FakeNewsAnalysis", "FakeNewsAnalysis\FakeNewsAnalysis.csproj", "{767CA616-4448-4F27-9D40-D391B36FF129}"
EndProject
Project("{9A19103F-16F7-4668-BE54-9A1E7A4F7556}") = "SentimentAnalysis", "SentimentAnalysis\SentimentAnalysis.csproj", "{F1F08EBA-9F5A-4D8B-A193-4E3061F6F7AB}"
EndProject
Project("{FAE04EC0-301F-11D3-BF4B-00C04F79EFBC}") = "ContentModerator", "ContentModerator\ContentModerator.csproj", "{414FCC13-D227-4EBF-8D4A-A079D12B0283}"
EndProject
Project("{FAE04EC0-301F-11D3-BF4B-00C04F79EFBC}") = "ComputerVision", "ComputerVision\ComputerVision.csproj", "{29B17BF5-BE09-41E7-B2E7-6CE2E1E84C39}"
EndProject
Project("{FAE04EC0-301F-11D3-BF4B-00C04F79EFBC}") = "NaiveBayesClassification", "NaiveBayesClassification\NaiveBayesClassification.csproj", "{A104C392-F695-4DFA-81E4-012C85DC2FFE}"
EndProject
Project("{FAE04EC0-301F-11D3-BF4B-00C04F79EFBC}") = "AzureWebSearch", "AzureWebSearch\AzureWebSearch.csproj", "{0DB39718-E351-4231-A700-A7168E629503}"
EndProject
Project("{FAE04EC0-301F-11D3-BF4B-00C04F79EFBC}") = "NaturalLanguageProcessing", "NaturalLanguageProcessing\NaturalLanguageProcessing.csproj", "{1CF04062-6B68-4FCC-8ED3-63944CE93677}"
EndProject
Global
	GlobalSection(SolutionConfigurationPlatforms) = preSolution
		Debug|Any CPU = Debug|Any CPU
		Release|Any CPU = Release|Any CPU
	EndGlobalSection
	GlobalSection(ProjectConfigurationPlatforms) = postSolution
		{767CA616-4448-4F27-9D40-D391B36FF129}.Debug|Any CPU.ActiveCfg = Debug|Any CPU
		{767CA616-4448-4F27-9D40-D391B36FF129}.Debug|Any CPU.Build.0 = Debug|Any CPU
		{767CA616-4448-4F27-9D40-D391B36FF129}.Release|Any CPU.ActiveCfg = Release|Any CPU
		{767CA616-4448-4F27-9D40-D391B36FF129}.Release|Any CPU.Build.0 = Release|Any CPU
		{F1F08EBA-9F5A-4D8B-A193-4E3061F6F7AB}.Debug|Any CPU.ActiveCfg = Debug|Any CPU
		{F1F08EBA-9F5A-4D8B-A193-4E3061F6F7AB}.Debug|Any CPU.Build.0 = Debug|Any CPU
		{F1F08EBA-9F5A-4D8B-A193-4E3061F6F7AB}.Release|Any CPU.ActiveCfg = Release|Any CPU
		{F1F08EBA-9F5A-4D8B-A193-4E3061F6F7AB}.Release|Any CPU.Build.0 = Release|Any CPU
		{414FCC13-D227-4EBF-8D4A-A079D12B0283}.Debug|Any CPU.ActiveCfg = Debug|Any CPU
		{414FCC13-D227-4EBF-8D4A-A079D12B0283}.Debug|Any CPU.Build.0 = Debug|Any CPU
		{414FCC13-D227-4EBF-8D4A-A079D12B0283}.Release|Any CPU.ActiveCfg = Release|Any CPU
		{414FCC13-D227-4EBF-8D4A-A079D12B0283}.Release|Any CPU.Build.0 = Release|Any CPU
		{29B17BF5-BE09-41E7-B2E7-6CE2E1E84C39}.Debug|Any CPU.ActiveCfg = Debug|Any CPU
		{29B17BF5-BE09-41E7-B2E7-6CE2E1E84C39}.Debug|Any CPU.Build.0 = Debug|Any CPU
		{29B17BF5-BE09-41E7-B2E7-6CE2E1E84C39}.Release|Any CPU.ActiveCfg = Release|Any CPU
		{29B17BF5-BE09-41E7-B2E7-6CE2E1E84C39}.Release|Any CPU.Build.0 = Release|Any CPU
		{A104C392-F695-4DFA-81E4-012C85DC2FFE}.Debug|Any CPU.ActiveCfg = Debug|Any CPU
		{A104C392-F695-4DFA-81E4-012C85DC2FFE}.Debug|Any CPU.Build.0 = Debug|Any CPU
		{A104C392-F695-4DFA-81E4-012C85DC2FFE}.Release|Any CPU.ActiveCfg = Release|Any CPU
		{A104C392-F695-4DFA-81E4-012C85DC2FFE}.Release|Any CPU.Build.0 = Release|Any CPU
		{0DB39718-E351-4231-A700-A7168E629503}.Debug|Any CPU.ActiveCfg = Debug|Any CPU
		{0DB39718-E351-4231-A700-A7168E629503}.Debug|Any CPU.Build.0 = Debug|Any CPU
		{0DB39718-E351-4231-A700-A7168E629503}.Release|Any CPU.ActiveCfg = Release|Any CPU
		{0DB39718-E351-4231-A700-A7168E629503}.Release|Any CPU.Build.0 = Release|Any CPU
		{1CF04062-6B68-4FCC-8ED3-63944CE93677}.Debug|Any CPU.ActiveCfg = Debug|Any CPU
		{1CF04062-6B68-4FCC-8ED3-63944CE93677}.Debug|Any CPU.Build.0 = Debug|Any CPU
		{1CF04062-6B68-4FCC-8ED3-63944CE93677}.Release|Any CPU.ActiveCfg = Release|Any CPU
		{1CF04062-6B68-4FCC-8ED3-63944CE93677}.Release|Any CPU.Build.0 = Release|Any CPU
	EndGlobalSection
	GlobalSection(SolutionProperties) = preSolution
		HideSolutionNode = FALSE
	EndGlobalSection
	GlobalSection(ExtensibilityGlobals) = postSolution
		SolutionGuid = {DAFBAC73-CC4D-4113-A308-B53D10EDD5C2}
	EndGlobalSection
EndGlobal
